Microsoft Visual Studio Solution File, Format Version 12.00
# Visual Studio Version 17
VisualStudioVersion = 17.0.31912.275
MinimumVisualStudioVersion = 10.0.40219.1
Project("{08391689-B0A3-4D3D-BF38-80EC37718FC3}") = "SafeKeyLogger", "SafeKeyLogger.csproj", "{FA789A00-0263-4240-84FA-07046CA83E37}"
EndProject
Global
	GlobalSection(SolutionConfigurationPlatforms) = preSolution
		Debug|Any CPU = Debug|Any CPU
		Release|Any CPU = Release|Any CPU
	EndGlobalSection
	GlobalSection(ProjectConfigurationPlatforms) = postSolution
		{FA789A00-0263-4240-84FA-07046CA83E37}.Debug|Any CPU.ActiveCfg = Debug|Any CPU
		{FA789A00-0263-4240-84FA-07046CA83E37}.Debug|Any CPU.Build.0 = Debug|Any CPU
		{FA789A00-0263-4240-84FA-07046CA83E37}.Release|Any CPU.ActiveCfg = Release|Any CPU
		{FA789A00-0263-4240-84FA-07046CA83E37}.Release|Any CPU.Build.0 = Release|Any CPU
	EndGlobalSection
	GlobalSection(SolutionProperties) = preSolution
		HideSolutionNode = FALSE
	EndGlobalSection
EndGlobal
